
Microsoft Visual Studio Solution File, Format Version 12.00
# Visual Studio 2012
Project("{FAE04EC0-301F-11D3-BF4B-00C04F79EFBC}") = "CONDOMINIO_UCAB", "CONDOMINIO_UCAB\CONDOMINIO_UCAB.csproj", "{4202D6DD-0BDD-441C-B1AE-7653C9D0A309}"
EndProject
Global
	GlobalSection(SolutionConfigurationPlatforms) = preSolution
		Debug|Any CPU = Debug|Any CPU
		Release|Any CPU = Release|Any CPU
	EndGlobalSection
	GlobalSection(ProjectConfigurationPlatforms) = postSolution
		{4202D6DD-0BDD-441C-B1AE-7653C9D0A309}.Debug|Any CPU.ActiveCfg = Debug|Any CPU
		{4202D6DD-0BDD-441C-B1AE-7653C9D0A309}.Debug|Any CPU.Build.0 = Debug|Any CPU
		{4202D6DD-0BDD-441C-B1AE-7653C9D0A309}.Release|Any CPU.ActiveCfg = Release|Any CPU
		{4202D6DD-0BDD-441C-B1AE-7653C9D0A309}.Release|Any CPU.Build.0 = Release|Any CPU
	EndGlobalSection
	GlobalSection(SolutionProperties) = preSolution
		HideSolutionNode = FALSE
	EndGlobalSection
EndGlobal
